
Microsoft Visual Studio Solution File, Format Version 12.00
# Visual Studio Version 16
VisualStudioVersion = 16.0.31702.278
MinimumVisualStudioVersion = 10.0.40219.1
Project("{FAE04EC0-301F-11D3-BF4B-00C04F79EFBC}") = "WebAPIDemo_Mastek", "WebAPIDemo_Mastek\WebAPIDemo_Mastek.csproj", "{A856B70A-11D3-48B1-BD39-FA893CB697F8}"
EndProject
Global
	GlobalSection(SolutionConfigurationPlatforms) = preSolution
		Debug|Any CPU = Debug|Any CPU
		Release|Any CPU = Release|Any CPU
	EndGlobalSection
	GlobalSection(ProjectConfigurationPlatforms) = postSolution
		{A856B70A-11D3-48B1-BD39-FA893CB697F8}.Debug|Any CPU.ActiveCfg = Debug|Any CPU
		{A856B70A-11D3-48B1-BD39-FA893CB697F8}.Debug|Any CPU.Build.0 = Debug|Any CPU
		{A856B70A-11D3-48B1-BD39-FA893CB697F8}.Release|Any CPU.ActiveCfg = Release|Any CPU
		{A856B70A-11D3-48B1-BD39-FA893CB697F8}.Release|Any CPU.Build.0 = Release|Any CPU
	EndGlobalSection
	GlobalSection(SolutionProperties) = preSolution
		HideSolutionNode = FALSE
	EndGlobalSection
	GlobalSection(ExtensibilityGlobals) = postSolution
		SolutionGuid = {EBB3CECC-FA99-4276-BCDD-EE914CA31596}
	EndGlobalSection
EndGlobal
