
Microsoft Visual Studio Solution File, Format Version 12.00
# Visual Studio Version 16
VisualStudioVersion = 16.0.31702.278
MinimumVisualStudioVersion = 10.0.40219.1
Project("{FAE04EC0-301F-11D3-BF4B-00C04F79EFBC}") = "ABCCorporation", "ABCCorporation\ABCCorporation.csproj", "{68FF7A98-19EA-4F57-BDBC-47A91D18B12D}"
EndProject
Global
	GlobalSection(SolutionConfigurationPlatforms) = preSolution
		Debug|Any CPU = Debug|Any CPU
		Release|Any CPU = Release|Any CPU
	EndGlobalSection
	GlobalSection(ProjectConfigurationPlatforms) = postSolution
		{68FF7A98-19EA-4F57-BDBC-47A91D18B12D}.Debug|Any CPU.ActiveCfg = Debug|Any CPU
		{68FF7A98-19EA-4F57-BDBC-47A91D18B12D}.Debug|Any CPU.Build.0 = Debug|Any CPU
		{68FF7A98-19EA-4F57-BDBC-47A91D18B12D}.Release|Any CPU.ActiveCfg = Release|Any CPU
		{68FF7A98-19EA-4F57-BDBC-47A91D18B12D}.Release|Any CPU.Build.0 = Release|Any CPU
	EndGlobalSection
	GlobalSection(SolutionProperties) = preSolution
		HideSolutionNode = FALSE
	EndGlobalSection
	GlobalSection(ExtensibilityGlobals) = postSolution
		SolutionGuid = {7D4CEAB9-F9AD-43C0-A0B1-5F84689A3FFC}
	EndGlobalSection
EndGlobal
