
Microsoft Visual Studio Solution File, Format Version 12.00
# Visual Studio Version 16
VisualStudioVersion = 16.0.31702.278
MinimumVisualStudioVersion = 10.0.40219.1
Project("{FAE04EC0-301F-11D3-BF4B-00C04F79EFBC}") = "LINKDemoMastek", "LINKDemoMastek\LINKDemoMastek.csproj", "{72AC7E61-DE45-4FAF-9FA7-13ECF5F4868C}"
EndProject
Global
	GlobalSection(SolutionConfigurationPlatforms) = preSolution
		Debug|Any CPU = Debug|Any CPU
		Release|Any CPU = Release|Any CPU
	EndGlobalSection
	GlobalSection(ProjectConfigurationPlatforms) = postSolution
		{72AC7E61-DE45-4FAF-9FA7-13ECF5F4868C}.Debug|Any CPU.ActiveCfg = Debug|Any CPU
		{72AC7E61-DE45-4FAF-9FA7-13ECF5F4868C}.Debug|Any CPU.Build.0 = Debug|Any CPU
		{72AC7E61-DE45-4FAF-9FA7-13ECF5F4868C}.Release|Any CPU.ActiveCfg = Release|Any CPU
		{72AC7E61-DE45-4FAF-9FA7-13ECF5F4868C}.Release|Any CPU.Build.0 = Release|Any CPU
	EndGlobalSection
	GlobalSection(SolutionProperties) = preSolution
		HideSolutionNode = FALSE
	EndGlobalSection
	GlobalSection(ExtensibilityGlobals) = postSolution
		SolutionGuid = {4D4760F9-E970-41DB-BF71-8AF0B638392C}
	EndGlobalSection
EndGlobal
